
Microsoft Visual Studio Solution File, Format Version 12.00
# Visual Studio Version 17
VisualStudioVersion = 17.5.002.0
MinimumVisualStudioVersion = 10.0.40219.1
Project("{9A19103F-16F7-4668-BE54-9A1E7A4F7556}") = "servicioApi", "servicioApi.csproj", "{C606E665-CDE5-4271-9571-D2594E98AADA}"
EndProject
Global
	GlobalSection(SolutionConfigurationPlatforms) = preSolution
		Debug|Any CPU = Debug|Any CPU
		Release|Any CPU = Release|Any CPU
	EndGlobalSection
	GlobalSection(ProjectConfigurationPlatforms) = postSolution
		{C606E665-CDE5-4271-9571-D2594E98AADA}.Debug|Any CPU.ActiveCfg = Debug|Any CPU
		{C606E665-CDE5-4271-9571-D2594E98AADA}.Debug|Any CPU.Build.0 = Debug|Any CPU
		{C606E665-CDE5-4271-9571-D2594E98AADA}.Release|Any CPU.ActiveCfg = Release|Any CPU
		{C606E665-CDE5-4271-9571-D2594E98AADA}.Release|Any CPU.Build.0 = Release|Any CPU
	EndGlobalSection
	GlobalSection(SolutionProperties) = preSolution
		HideSolutionNode = FALSE
	EndGlobalSection
	GlobalSection(ExtensibilityGlobals) = postSolution
		SolutionGuid = {E0662A6C-8215-4AC7-9637-8305531E7B05}
	EndGlobalSection
EndGlobal
